
Microsoft Visual Studio Solution File, Format Version 12.00
# Visual Studio Version 17
VisualStudioVersion = 17.13.35913.81 d17.13
MinimumVisualStudioVersion = 10.0.40219.1
Project("{FAE04EC0-301F-11D3-BF4B-00C04F79EFBC}") = "Tsüklikordusülesanded", "Tsüklikordusülesanded.csproj", "{C3885A26-65C0-4655-88FB-2F359E63BB20}"
EndProject
Global
	GlobalSection(SolutionConfigurationPlatforms) = preSolution
		Debug|Any CPU = Debug|Any CPU
		Release|Any CPU = Release|Any CPU
	EndGlobalSection
	GlobalSection(ProjectConfigurationPlatforms) = postSolution
		{C3885A26-65C0-4655-88FB-2F359E63BB20}.Debug|Any CPU.ActiveCfg = Debug|Any CPU
		{C3885A26-65C0-4655-88FB-2F359E63BB20}.Debug|Any CPU.Build.0 = Debug|Any CPU
		{C3885A26-65C0-4655-88FB-2F359E63BB20}.Release|Any CPU.ActiveCfg = Release|Any CPU
		{C3885A26-65C0-4655-88FB-2F359E63BB20}.Release|Any CPU.Build.0 = Release|Any CPU
	EndGlobalSection
	GlobalSection(SolutionProperties) = preSolution
		HideSolutionNode = FALSE
	EndGlobalSection
	GlobalSection(ExtensibilityGlobals) = postSolution
		SolutionGuid = {3D32C4FE-B1E4-46A0-BE9D-BB412AC65922}
	EndGlobalSection
EndGlobal
